
Microsoft Visual Studio Solution File, Format Version 12.00
# Visual Studio Version 17
VisualStudioVersion = 17.3.32929.385
MinimumVisualStudioVersion = 10.0.40219.1
Project("{8BC9CEB8-8B4A-11D0-8D11-00A0C91BC942}") = "Annuaire", "Annuaire\Annuaire.vcxproj", "{50552F4F-19FC-4744-B398-253CB7397DEE}"
EndProject
Global
	GlobalSection(SolutionConfigurationPlatforms) = preSolution
		Debug|x64 = Debug|x64
		Debug|x86 = Debug|x86
		Release|x64 = Release|x64
		Release|x86 = Release|x86
	EndGlobalSection
	GlobalSection(ProjectConfigurationPlatforms) = postSolution
		{50552F4F-19FC-4744-B398-253CB7397DEE}.Debug|x64.ActiveCfg = Debug|x64
		{50552F4F-19FC-4744-B398-253CB7397DEE}.Debug|x64.Build.0 = Debug|x64
		{50552F4F-19FC-4744-B398-253CB7397DEE}.Debug|x86.ActiveCfg = Debug|Win32
		{50552F4F-19FC-4744-B398-253CB7397DEE}.Debug|x86.Build.0 = Debug|Win32
		{50552F4F-19FC-4744-B398-253CB7397DEE}.Release|x64.ActiveCfg = Release|x64
		{50552F4F-19FC-4744-B398-253CB7397DEE}.Release|x64.Build.0 = Release|x64
		{50552F4F-19FC-4744-B398-253CB7397DEE}.Release|x86.ActiveCfg = Release|Win32
		{50552F4F-19FC-4744-B398-253CB7397DEE}.Release|x86.Build.0 = Release|Win32
	EndGlobalSection
	GlobalSection(SolutionProperties) = preSolution
		HideSolutionNode = FALSE
	EndGlobalSection
	GlobalSection(ExtensibilityGlobals) = postSolution
		SolutionGuid = {AC591486-6BA6-4C63-BE65-90F281B2ECE1}
	EndGlobalSection
EndGlobal
